{
  "name": "@copperdust/sublime-visual-studio-code-sftp-copy",
  "version": "1.0.2",
  "lockfileVersion": 2,
  "requires": true,
  "packages": {
    "": {
      "name": "@copperdust/sublime-visual-studio-code-sftp-copy",
      "version": "1.0.2",
      "license": "ISC",
      "dependencies": {
        "strip-json-comments": "^3.0.1"
      },
      "bin": {
        "sublime-sftp-to-vs-code": "index.js"
      }
    },
    "node_modules/strip-json-comments": {
      "version": "3.0.1",
      "resolved": "https://registry.npmjs.org/strip-json-comments/-/strip-json-comments-3.0.1.tgz",
      "integrity": "sha512-VTyMAUfdm047mwKl+u79WIdrZxtFtn+nBxHeb844XBQ9uMNTuTHdx2hc5RiAJYqwTj3wc/xe5HLSdJSkJ+WfZw==",
      "engines": {
        "node": ">=8"
      }
    }
  },
  "dependencies": {
    "strip-json-comments": {
      "version": "3.0.1",
      "resolved": "https://registry.npmjs.org/strip-json-comments/-/strip-json-comments-3.0.1.tgz",
      "integrity": "sha512-VTyMAUfdm047mwKl+u79WIdrZxtFtn+nBxHeb844XBQ9uMNTuTHdx2hc5RiAJYqwTj3wc/xe5HLSdJSkJ+WfZw=="
    }
  }
}
